
Microsoft Visual Studio Solution File, Format Version 12.00
# Visual Studio Version 17
VisualStudioVersion = 17.7.34221.43
MinimumVisualStudioVersion = 10.0.40219.1
Project("{FAE04EC0-301F-11D3-BF4B-00C04F79EFBC}") = "relojDigital", "relojDigital.csproj", "{115B9EF7-6A64-4A25-99BA-2C0C95492FF4}"
EndProject
Global
	GlobalSection(SolutionConfigurationPlatforms) = preSolution
		Debug|Any CPU = Debug|Any CPU
		Release|Any CPU = Release|Any CPU
	EndGlobalSection
	GlobalSection(ProjectConfigurationPlatforms) = postSolution
		{115B9EF7-6A64-4A25-99BA-2C0C95492FF4}.Debug|Any CPU.ActiveCfg = Debug|Any CPU
		{115B9EF7-6A64-4A25-99BA-2C0C95492FF4}.Debug|Any CPU.Build.0 = Debug|Any CPU
		{115B9EF7-6A64-4A25-99BA-2C0C95492FF4}.Release|Any CPU.ActiveCfg = Release|Any CPU
		{115B9EF7-6A64-4A25-99BA-2C0C95492FF4}.Release|Any CPU.Build.0 = Release|Any CPU
	EndGlobalSection
	GlobalSection(SolutionProperties) = preSolution
		HideSolutionNode = FALSE
	EndGlobalSection
	GlobalSection(ExtensibilityGlobals) = postSolution
		SolutionGuid = {7FB666B6-07B9-4057-8DFA-D854C9045260}
	EndGlobalSection
EndGlobal
