
Microsoft Visual Studio Solution File, Format Version 12.00
# Visual Studio Version 17
VisualStudioVersion = 17.7.34221.43
MinimumVisualStudioVersion = 10.0.40219.1
Project("{FAE04EC0-301F-11D3-BF4B-00C04F79EFBC}") = "PruebaComponentes", "PruebaComponentes.csproj", "{1C7FBC34-2956-4DB4-AA40-810CA1A5CB2D}"
EndProject
Project("{FAE04EC0-301F-11D3-BF4B-00C04F79EFBC}") = "ComponenteExamen", "..\ComponenteExamen\ComponenteExamen.csproj", "{E1048912-4DC7-49CE-B3D7-9FD5E1A92ED4}"
EndProject
Global
	GlobalSection(SolutionConfigurationPlatforms) = preSolution
		Debug|Any CPU = Debug|Any CPU
		Release|Any CPU = Release|Any CPU
	EndGlobalSection
	GlobalSection(ProjectConfigurationPlatforms) = postSolution
		{1C7FBC34-2956-4DB4-AA40-810CA1A5CB2D}.Debug|Any CPU.ActiveCfg = Debug|Any CPU
		{1C7FBC34-2956-4DB4-AA40-810CA1A5CB2D}.Debug|Any CPU.Build.0 = Debug|Any CPU
		{1C7FBC34-2956-4DB4-AA40-810CA1A5CB2D}.Release|Any CPU.ActiveCfg = Release|Any CPU
		{1C7FBC34-2956-4DB4-AA40-810CA1A5CB2D}.Release|Any CPU.Build.0 = Release|Any CPU
		{E1048912-4DC7-49CE-B3D7-9FD5E1A92ED4}.Debug|Any CPU.ActiveCfg = Debug|Any CPU
		{E1048912-4DC7-49CE-B3D7-9FD5E1A92ED4}.Debug|Any CPU.Build.0 = Debug|Any CPU
		{E1048912-4DC7-49CE-B3D7-9FD5E1A92ED4}.Release|Any CPU.ActiveCfg = Release|Any CPU
		{E1048912-4DC7-49CE-B3D7-9FD5E1A92ED4}.Release|Any CPU.Build.0 = Release|Any CPU
	EndGlobalSection
	GlobalSection(SolutionProperties) = preSolution
		HideSolutionNode = FALSE
	EndGlobalSection
	GlobalSection(ExtensibilityGlobals) = postSolution
		SolutionGuid = {D034FE3B-A31C-4338-8250-5F293286A452}
	EndGlobalSection
EndGlobal
